
Microsoft Visual Studio Solution File, Format Version 12.00
# Visual Studio 15
VisualStudioVersion = 15.0.28307.572
MinimumVisualStudioVersion = 10.0.40219.1
Project("{FAE04EC0-301F-11D3-BF4B-00C04F79EFBC}") = "AccuracyTester", "AccuracyTester\AccuracyTester.csproj", "{70A5F943-3007-4DB2-8672-26B4ED4DB8FB}"
EndProject
Global
	GlobalSection(SolutionConfigurationPlatforms) = preSolution
		Debug|Any CPU = Debug|Any CPU
		Release|Any CPU = Release|Any CPU
	EndGlobalSection
	GlobalSection(ProjectConfigurationPlatforms) = postSolution
		{70A5F943-3007-4DB2-8672-26B4ED4DB8FB}.Debug|Any CPU.ActiveCfg = Debug|Any CPU
		{70A5F943-3007-4DB2-8672-26B4ED4DB8FB}.Debug|Any CPU.Build.0 = Debug|Any CPU
		{70A5F943-3007-4DB2-8672-26B4ED4DB8FB}.Release|Any CPU.ActiveCfg = Release|Any CPU
		{70A5F943-3007-4DB2-8672-26B4ED4DB8FB}.Release|Any CPU.Build.0 = Release|Any CPU
	EndGlobalSection
	GlobalSection(SolutionProperties) = preSolution
		HideSolutionNode = FALSE
	EndGlobalSection
	GlobalSection(ExtensibilityGlobals) = postSolution
		SolutionGuid = {BA832406-43B0-4062-9C8A-B6C619D9002E}
	EndGlobalSection
EndGlobal
